
Microsoft Visual Studio Solution File, Format Version 12.00
# Visual Studio Version 17
VisualStudioVersion = 17.0.31919.166
MinimumVisualStudioVersion = 10.0.40219.1
Project("{9A19103F-16F7-4668-BE54-9A1E7A4F7556}") = "Pentaskilled.MEetAndYou.Managers", "Pentaskilled.MEetAndYou.Managers\Pentaskilled.MEetAndYou.Managers.csproj", "{17391DA3-BA2F-46F2-B858-15FE92D32208}"
EndProject
Project("{9A19103F-16F7-4668-BE54-9A1E7A4F7556}") = "Pentaskilled.MEetAndYou.DomainModels", "Pentaskilled.MEetAndYou.DomainModels\Pentaskilled.MEetAndYou.DomainModels.csproj", "{E40C27FC-3E6B-4784-9AB0-C0D28845D9DF}"
EndProject
Project("{9A19103F-16F7-4668-BE54-9A1E7A4F7556}") = "Pentaskilled.MEetAndYou.Entities", "Pentaskilled.MEetAndYou.Entities\Pentaskilled.MEetAndYou.Entities.csproj", "{3F8E2B89-3A00-40F4-AAC4-D1DA35753EE3}"
EndProject
Project("{9A19103F-16F7-4668-BE54-9A1E7A4F7556}") = "Pentaskilled.MEetAndYou.DataAccess", "Pentaskilled.MEetAndYou.DataAccess\Pentaskilled.MEetAndYou.DataAccess.csproj", "{FBFAC708-7D3D-4FB9-AC60-EBDF6ADE49F0}"
EndProject
Project("{9A19103F-16F7-4668-BE54-9A1E7A4F7556}") = "Pentaskilled.MEetAndYou.Logging", "Pentaskilled.MEetAndYou.Logging\Pentaskilled.MEetAndYou.Logging.csproj", "{2D3C9240-D361-4656-B0D2-34983C93C514}"
EndProject
Project("{9A19103F-16F7-4668-BE54-9A1E7A4F7556}") = "Pentaskilled.MEetAndYou.XUnitTests", "Pentaskilled.MEetAndYou.XUnitTests\Pentaskilled.MEetAndYou.XUnitTests.csproj", "{648DA136-844F-4754-9B63-3A17963A3977}"
EndProject
Project("{9A19103F-16F7-4668-BE54-9A1E7A4F7556}") = "Pentaskilled.MEetAndYou.Services", "Pentaskilled.MEetAndYou.Services\Pentaskilled.MEetAndYou.Services.csproj", "{3DCAA955-4370-4D4B-838A-181D6DB1FBFD}"
EndProject
Project("{9A19103F-16F7-4668-BE54-9A1E7A4F7556}") = "PentaSkilled.MEetAndYou.Authorization", "PentaSkilled.MEetAndYou.Authorization\PentaSkilled.MEetAndYou.Authorization.csproj", "{3E0814FF-7F30-445A-B225-71E5E6B4462A}"
EndProject
Project("{9A19103F-16F7-4668-BE54-9A1E7A4F7556}") = "Pentaskilled.MEetAndYou.API", "Pentaskilled.MEetAndYou.API\Pentaskilled.MEetAndYou.API.csproj", "{C5DBD495-ED0B-4548-9CA1-3EF0C4D3E164}"
EndProject
Project("{9A19103F-16F7-4668-BE54-9A1E7A4F7556}") = "WeatherDemo", "WeatherDemo\WeatherDemo.csproj", "{4932BC78-5531-437E-B6B1-6ED94998A3EA}"
EndProject
Project("{9A19103F-16F7-4668-BE54-9A1E7A4F7556}") = "MEetAndYou.EFCoreEntities", "MEetAndYou.EFCoreEntities\MEetAndYou.EFCoreEntities.csproj", "{9422EDDF-3F18-4619-84DC-664B4439FFAB}"
EndProject
Project("{9A19103F-16F7-4668-BE54-9A1E7A4F7556}") = "TestingZone", "TestingZone\TestingZone.csproj", "{96425944-26D3-403F-95D4-490F62096CD2}"
EndProject
Project("{54A90642-561A-4BB1-A94E-469ADEE60C69}") = "TestReactProject", "TestReactProject\TestReactProject.esproj", "{738893F6-5158-4D41-8F46-53130A520183}"
EndProject
Global
	GlobalSection(SolutionConfigurationPlatforms) = preSolution
		Debug|Any CPU = Debug|Any CPU
		Release|Any CPU = Release|Any CPU
	EndGlobalSection
	GlobalSection(ProjectConfigurationPlatforms) = postSolution
		{17391DA3-BA2F-46F2-B858-15FE92D32208}.Debug|Any CPU.ActiveCfg = Debug|Any CPU
		{17391DA3-BA2F-46F2-B858-15FE92D32208}.Debug|Any CPU.Build.0 = Debug|Any CPU
		{17391DA3-BA2F-46F2-B858-15FE92D32208}.Release|Any CPU.ActiveCfg = Release|Any CPU
		{17391DA3-BA2F-46F2-B858-15FE92D32208}.Release|Any CPU.Build.0 = Release|Any CPU
		{E40C27FC-3E6B-4784-9AB0-C0D28845D9DF}.Debug|Any CPU.ActiveCfg = Debug|Any CPU
		{E40C27FC-3E6B-4784-9AB0-C0D28845D9DF}.Debug|Any CPU.Build.0 = Debug|Any CPU
		{E40C27FC-3E6B-4784-9AB0-C0D28845D9DF}.Release|Any CPU.ActiveCfg = Release|Any CPU
		{E40C27FC-3E6B-4784-9AB0-C0D28845D9DF}.Release|Any CPU.Build.0 = Release|Any CPU
		{3F8E2B89-3A00-40F4-AAC4-D1DA35753EE3}.Debug|Any CPU.ActiveCfg = Debug|Any CPU
		{3F8E2B89-3A00-40F4-AAC4-D1DA35753EE3}.Debug|Any CPU.Build.0 = Debug|Any CPU
		{3F8E2B89-3A00-40F4-AAC4-D1DA35753EE3}.Release|Any CPU.ActiveCfg = Release|Any CPU
		{3F8E2B89-3A00-40F4-AAC4-D1DA35753EE3}.Release|Any CPU.Build.0 = Release|Any CPU
		{FBFAC708-7D3D-4FB9-AC60-EBDF6ADE49F0}.Debug|Any CPU.ActiveCfg = Debug|Any CPU
		{FBFAC708-7D3D-4FB9-AC60-EBDF6ADE49F0}.Debug|Any CPU.Build.0 = Debug|Any CPU
		{FBFAC708-7D3D-4FB9-AC60-EBDF6ADE49F0}.Release|Any CPU.ActiveCfg = Release|Any CPU
		{FBFAC708-7D3D-4FB9-AC60-EBDF6ADE49F0}.Release|Any CPU.Build.0 = Release|Any CPU
		{2D3C9240-D361-4656-B0D2-34983C93C514}.Debug|Any CPU.ActiveCfg = Debug|Any CPU
		{2D3C9240-D361-4656-B0D2-34983C93C514}.Debug|Any CPU.Build.0 = Debug|Any CPU
		{2D3C9240-D361-4656-B0D2-34983C93C514}.Release|Any CPU.ActiveCfg = Release|Any CPU
		{2D3C9240-D361-4656-B0D2-34983C93C514}.Release|Any CPU.Build.0 = Release|Any CPU
		{648DA136-844F-4754-9B63-3A17963A3977}.Debug|Any CPU.ActiveCfg = Debug|Any CPU
		{648DA136-844F-4754-9B63-3A17963A3977}.Debug|Any CPU.Build.0 = Debug|Any CPU
		{648DA136-844F-4754-9B63-3A17963A3977}.Release|Any CPU.ActiveCfg = Release|Any CPU
		{648DA136-844F-4754-9B63-3A17963A3977}.Release|Any CPU.Build.0 = Release|Any CPU
		{3DCAA955-4370-4D4B-838A-181D6DB1FBFD}.Debug|Any CPU.ActiveCfg = Debug|Any CPU
		{3DCAA955-4370-4D4B-838A-181D6DB1FBFD}.Debug|Any CPU.Build.0 = Debug|Any CPU
		{3DCAA955-4370-4D4B-838A-181D6DB1FBFD}.Release|Any CPU.ActiveCfg = Release|Any CPU
		{3DCAA955-4370-4D4B-838A-181D6DB1FBFD}.Release|Any CPU.Build.0 = Release|Any CPU
		{3E0814FF-7F30-445A-B225-71E5E6B4462A}.Debug|Any CPU.ActiveCfg = Debug|Any CPU
		{3E0814FF-7F30-445A-B225-71E5E6B4462A}.Debug|Any CPU.Build.0 = Debug|Any CPU
		{3E0814FF-7F30-445A-B225-71E5E6B4462A}.Release|Any CPU.ActiveCfg = Release|Any CPU
		{3E0814FF-7F30-445A-B225-71E5E6B4462A}.Release|Any CPU.Build.0 = Release|Any CPU
		{C5DBD495-ED0B-4548-9CA1-3EF0C4D3E164}.Debug|Any CPU.ActiveCfg = Debug|Any CPU
		{C5DBD495-ED0B-4548-9CA1-3EF0C4D3E164}.Debug|Any CPU.Build.0 = Debug|Any CPU
		{C5DBD495-ED0B-4548-9CA1-3EF0C4D3E164}.Release|Any CPU.ActiveCfg = Release|Any CPU
		{C5DBD495-ED0B-4548-9CA1-3EF0C4D3E164}.Release|Any CPU.Build.0 = Release|Any CPU
		{4932BC78-5531-437E-B6B1-6ED94998A3EA}.Debug|Any CPU.ActiveCfg = Debug|Any CPU
		{4932BC78-5531-437E-B6B1-6ED94998A3EA}.Debug|Any CPU.Build.0 = Debug|Any CPU
		{4932BC78-5531-437E-B6B1-6ED94998A3EA}.Release|Any CPU.ActiveCfg = Release|Any CPU
		{4932BC78-5531-437E-B6B1-6ED94998A3EA}.Release|Any CPU.Build.0 = Release|Any CPU
		{9422EDDF-3F18-4619-84DC-664B4439FFAB}.Debug|Any CPU.ActiveCfg = Debug|Any CPU
		{9422EDDF-3F18-4619-84DC-664B4439FFAB}.Debug|Any CPU.Build.0 = Debug|Any CPU
		{9422EDDF-3F18-4619-84DC-664B4439FFAB}.Release|Any CPU.ActiveCfg = Release|Any CPU
		{9422EDDF-3F18-4619-84DC-664B4439FFAB}.Release|Any CPU.Build.0 = Release|Any CPU
		{96425944-26D3-403F-95D4-490F62096CD2}.Debug|Any CPU.ActiveCfg = Debug|Any CPU
		{96425944-26D3-403F-95D4-490F62096CD2}.Debug|Any CPU.Build.0 = Debug|Any CPU
		{96425944-26D3-403F-95D4-490F62096CD2}.Release|Any CPU.ActiveCfg = Release|Any CPU
		{96425944-26D3-403F-95D4-490F62096CD2}.Release|Any CPU.Build.0 = Release|Any CPU
		{738893F6-5158-4D41-8F46-53130A520183}.Debug|Any CPU.ActiveCfg = Debug|Any CPU
		{738893F6-5158-4D41-8F46-53130A520183}.Debug|Any CPU.Build.0 = Debug|Any CPU
		{738893F6-5158-4D41-8F46-53130A520183}.Debug|Any CPU.Deploy.0 = Debug|Any CPU
		{738893F6-5158-4D41-8F46-53130A520183}.Release|Any CPU.ActiveCfg = Release|Any CPU
		{738893F6-5158-4D41-8F46-53130A520183}.Release|Any CPU.Build.0 = Release|Any CPU
		{738893F6-5158-4D41-8F46-53130A520183}.Release|Any CPU.Deploy.0 = Release|Any CPU
	EndGlobalSection
	GlobalSection(SolutionProperties) = preSolution
		HideSolutionNode = FALSE
	EndGlobalSection
	GlobalSection(ExtensibilityGlobals) = postSolution
		SolutionGuid = {B2AB07C1-C650-4E9F-88F7-FB4161257700}
	EndGlobalSection
EndGlobal
