
Microsoft Visual Studio Solution File, Format Version 12.00
# Visual Studio Version 16
VisualStudioVersion = 16.0.31424.327
MinimumVisualStudioVersion = 10.0.40219.1
Project("{FAE04EC0-301F-11D3-BF4B-00C04F79EFBC}") = "Pentaskilled.MEetAndYou.Managers", "Pentaskilled.MEetAndYou.Managers\Pentaskilled.MEetAndYou.Managers.csproj", "{DB11FA74-6E51-4483-BFF3-3C0186415EF5}"
EndProject
Global
	GlobalSection(SolutionConfigurationPlatforms) = preSolution
		Debug|Any CPU = Debug|Any CPU
		Release|Any CPU = Release|Any CPU
	EndGlobalSection
	GlobalSection(ProjectConfigurationPlatforms) = postSolution
		{DB11FA74-6E51-4483-BFF3-3C0186415EF5}.Debug|Any CPU.ActiveCfg = Debug|Any CPU
		{DB11FA74-6E51-4483-BFF3-3C0186415EF5}.Debug|Any CPU.Build.0 = Debug|Any CPU
		{DB11FA74-6E51-4483-BFF3-3C0186415EF5}.Release|Any CPU.ActiveCfg = Release|Any CPU
		{DB11FA74-6E51-4483-BFF3-3C0186415EF5}.Release|Any CPU.Build.0 = Release|Any CPU
	EndGlobalSection
	GlobalSection(SolutionProperties) = preSolution
		HideSolutionNode = FALSE
	EndGlobalSection
	GlobalSection(ExtensibilityGlobals) = postSolution
		SolutionGuid = {7A0F96D8-8FA9-4D3D-AE55-2913080BC3EE}
	EndGlobalSection
EndGlobal
